Microsoft Visual Studio Solution File, Format Version 12.00
# Visual Studio Version 17
VisualStudioVersion = 17.5.2.0
MinimumVisualStudioVersion = 10.0.40219.1
Project("{FAE04EC0-301F-11D3-BF4B-00C04F79EFBC}") = "Proyecto_parcial_1", "Proyecto_parcial_1\Proyecto_parcial_1.csproj", "{ADBB4AAE-1E30-8B97-8F51-DFA88181BCE8}"
EndProject
Project("{2150E333-8FDC-42A3-9474-1A3956D46DE8}") = "Sesion_5", "Sesion_5", "{4E621FCF-E4D3-B548-286B-BFF9944336B0}"
EndProject
Project("{2150E333-8FDC-42A3-9474-1A3956D46DE8}") = "Practica_4", "Practica_4", "{5C44E396-0F98-1683-0E2D-A734012CC366}"
EndProject
Project("{2150E333-8FDC-42A3-9474-1A3956D46DE8}") = "Sesion_4", "Sesion_4", "{C4A63A79-726F-FACA-8352-B774786E3A04}"
EndProject
Project("{2150E333-8FDC-42A3-9474-1A3956D46DE8}") = "Sesion_9", "Sesion_9", "{156DB4EC-D738-D9E3-D5A7-867BE1AD2FD9}"
EndProject
Project("{2150E333-8FDC-42A3-9474-1A3956D46DE8}") = "Practica_1", "Practica_1", "{A6FFCBAE-5EA0-7FC0-02C7-01273EFF1AF3}"
EndProject
Project("{2150E333-8FDC-42A3-9474-1A3956D46DE8}") = "Ejercicios_practicos", "Ejercicios_practicos", "{315FE527-45C3-2ABD-49BD-6F5917CF9173}"
EndProject
Project("{2150E333-8FDC-42A3-9474-1A3956D46DE8}") = "Practica_10", "Practica_10", "{2E81FE34-C3E3-C95E-6809-1932DD1BD7FB}"
EndProject
Project("{2150E333-8FDC-42A3-9474-1A3956D46DE8}") = "Practica_5", "Practica_5", "{5BF29ABC-DE91-56AD-72AF-CF80C4DC5A8F}"
EndProject
Project("{2150E333-8FDC-42A3-9474-1A3956D46DE8}") = "Practica_8", "Practica_8", "{22C82A03-FA25-07F7-1E9A-8C647288A84D}"
EndProject
Project("{2150E333-8FDC-42A3-9474-1A3956D46DE8}") = "Practica_7", "Practica_7", "{10146667-B06D-91D9-3702-3F79940D35F8}"
EndProject
Project("{2150E333-8FDC-42A3-9474-1A3956D46DE8}") = "Sesion_14", "Sesion_14", "{AA3183A1-FEEA-0643-D057-394CE6068E2A}"
EndProject
Project("{2150E333-8FDC-42A3-9474-1A3956D46DE8}") = "Sesion_15", "Sesion_15", "{8FA78DB6-FA6A-A203-88D1-8ABB6EAAD046}"
EndProject
Project("{2150E333-8FDC-42A3-9474-1A3956D46DE8}") = "Practica_2", "Practica_2", "{6834692F-FE83-6314-D2CF-5C5B0F0EC1FD}"
EndProject
Project("{2150E333-8FDC-42A3-9474-1A3956D46DE8}") = "Sesion_8", "Sesion_8", "{4F25FFC6-E660-58AE-E52A-C7983A82FFA4}"
EndProject
Project("{2150E333-8FDC-42A3-9474-1A3956D46DE8}") = "Practica_9", "Practica_9", "{D385A6A9-075A-8C75-FDA4-6B8AB2FBC393}"
EndProject
Project("{2150E333-8FDC-42A3-9474-1A3956D46DE8}") = "Practica_3", "Practica_3", "{1A62CA11-64CD-E7FA-6EEB-F6F923D0F8C4}"
EndProject
Project("{2150E333-8FDC-42A3-9474-1A3956D46DE8}") = "Sesion_11", "Sesion_11", "{9A270F6C-273D-B4AB-76A1-56D2FA0E7657}"
EndProject
Project("{2150E333-8FDC-42A3-9474-1A3956D46DE8}") = "Sesion_6", "Sesion_6", "{FD9C8F0C-6B0E-C96E-2900-409BB69508A8}"
EndProject
Project("{FAE04EC0-301F-11D3-BF4B-00C04F79EFBC}") = "Temperatura", "Sesion_5\Temperatura\Temperatura.csproj", "{4BADBDA8-9275-986D-FEF5-1FAAE99C44CD}"
EndProject
Project("{FAE04EC0-301F-11D3-BF4B-00C04F79EFBC}") = "IMC", "Sesion_5\IMC\IMC.csproj", "{B5F6B1F4-C78B-00FB-4EE9-BBD422636ED2}"
EndProject
Project("{FAE04EC0-301F-11D3-BF4B-00C04F79EFBC}") = "ControlCalidad", "Practica_4\ControlCalidad\ControlCalidad.csproj", "{1AF0B996-B798-479E-D7DD-675818B7A326}"
EndProject
Project("{FAE04EC0-301F-11D3-BF4B-00C04F79EFBC}") = "GestionInventario", "Practica_4\GestionInventario\GestionInventario.csproj", "{2FEE93EF-F4D5-5319-1E9D-70A4AB5A8AD9}"
EndProject
Project("{FAE04EC0-301F-11D3-BF4B-00C04F79EFBC}") = "ValidacionDeEdad", "Sesion_4\ValidacionDeEdad\ValidacionDeEdad.csproj", "{3EDCB232-F823-02DC-2295-CBB4B8EBC9D8}"
EndProject
Project("{FAE04EC0-301F-11D3-BF4B-00C04F79EFBC}") = "TablaDeMultiplicar", "Sesion_4\TablaDeMultiplicar\TablaDeMultiplicar.csproj", "{F9B44756-A200-3885-526E-0822DD9BF6EC}"
EndProject
Project("{FAE04EC0-301F-11D3-BF4B-00C04F79EFBC}") = "ConversorDeNumero", "Sesion_4\ConversorDeNumero\ConversorDeNumero.csproj", "{A3F46888-6EB5-1FEE-50C5-FBD54AC58BB6}"
EndProject
Project("{FAE04EC0-301F-11D3-BF4B-00C04F79EFBC}") = "Ferreteria", "Sesion_9\Ferreteria\Ferreteria.csproj", "{F5AF3E3C-58FF-74C3-E223-8DB1089F9117}"
EndProject
Project("{FAE04EC0-301F-11D3-BF4B-00C04F79EFBC}") = "Farmacia", "Sesion_9\Farmacia\Farmacia.csproj", "{2C10620F-0009-BBB5-6226-2B10C51C2948}"
EndProject
Project("{FAE04EC0-301F-11D3-BF4B-00C04F79EFBC}") = "GeneradorTicket", "Practica_1\GeneradorTicket\GeneradorTicket.csproj", "{BDB91CE0-BD7D-2331-5F1F-D3480AA9D6FD}"
EndProject
Project("{FAE04EC0-301F-11D3-BF4B-00C04F79EFBC}") = "ConvertidorTemperaturas", "Practica_1\ConvertidorTemperaturas\ConvertidorTemperaturas.csproj", "{E6D7F28B-B729-9E52-54E8-7C52C5CCF559}"
EndProject
Project("{FAE04EC0-301F-11D3-BF4B-00C04F79EFBC}") = "CalculadorPerimetroArea", "Practica_1\CalculadorPerimetroArea\CalculadorPerimetroArea.csproj", "{37F7CE2B-F213-97CB-F593-49AA12F0E35C}"
EndProject
Project("{FAE04EC0-301F-11D3-BF4B-00C04F79EFBC}") = "SistemaControlAcademico", "Ejercicios_practicos\SistemaControlAcademico\SistemaControlAcademico.csproj", "{1C045181-4B05-FA43-76A9-A647640EAF4F}"
EndProject
Project("{FAE04EC0-301F-11D3-BF4B-00C04F79EFBC}") = "MatrizBi", "Ejercicios_practicos\MatrizBi\MatrizBi.csproj", "{AECBB3B2-6E44-2050-6361-82C5F83E3E75}"
EndProject
Project("{FAE04EC0-301F-11D3-BF4B-00C04F79EFBC}") = "HerenciaDeClases", "Ejercicios_practicos\HerenciaDeClases\HerenciaDeClases.csproj", "{C49F2A18-0199-98A7-BFC7-1DEA63F3D971}"
EndProject
Project("{FAE04EC0-301F-11D3-BF4B-00C04F79EFBC}") = "ClasesMetodosAbstractos", "Ejercicios_practicos\ClasesMetodosAbstractos\ClasesMetodosAbstractos.csproj", "{0A8D74AE-468E-C81B-9CA2-C8BBA8040D64}"
EndProject
Project("{FAE04EC0-301F-11D3-BF4B-00C04F79EFBC}") = "ModificacionesInterfaz", "Ejercicios_practicos\ModificacionesInterfaz\ModificacionesInterfaz.csproj", "{ED872903-6CA2-E4D2-6340-8AED0AF805C7}"
EndProject
Project("{FAE04EC0-301F-11D3-BF4B-00C04F79EFBC}") = "ClasesDerivadas", "Ejercicios_practicos\ClasesDerivadas\ClasesDerivadas.csproj", "{75E7CAEA-A6F4-A189-15A2-EA99D7192993}"
EndProject
Project("{FAE04EC0-301F-11D3-BF4B-00C04F79EFBC}") = "OverrideToString", "Ejercicios_practicos\OverrideToString\OverrideToString.csproj", "{FC2FB002-EC1E-9A10-A68D-B1EE9A84D8BA}"
EndProject
Project("{FAE04EC0-301F-11D3-BF4B-00C04F79EFBC}") = "BucleSencillo", "Ejercicios_practicos\BucleSencillo\BucleSencillo.csproj", "{EA9B6B31-3EF0-20A6-2296-4D77CE4DF67C}"
EndProject
Project("{FAE04EC0-301F-11D3-BF4B-00C04F79EFBC}") = "ListaEstudiantes", "Ejercicios_practicos\ListaEstudiantes\ListaEstudiantes.csproj", "{11EA625C-6914-1018-89E8-95EA52343626}"
EndProject
Project("{FAE04EC0-301F-11D3-BF4B-00C04F79EFBC}") = "InterfacesContratos", "Ejercicios_practicos\InterfacesContratos\InterfacesContratos.csproj", "{6E53410E-1B12-7F44-1873-3EF133E08285}"
EndProject
Project("{FAE04EC0-301F-11D3-BF4B-00C04F79EFBC}") = "Modificaciones", "Ejercicios_practicos\Modificaciones\Modificaciones.csproj", "{40B282BD-3A0C-908E-1960-E9B103DF15B6}"
EndProject
Project("{FAE04EC0-301F-11D3-BF4B-00C04F79EFBC}") = "SumaSimple", "Ejercicios_practicos\SumaSimple\SumaSimple.csproj", "{E6D758BD-F641-6929-7103-0BEB5CF510AF}"
EndProject
Project("{FAE04EC0-301F-11D3-BF4B-00C04F79EFBC}") = "GestionDeFarmacia", "Practica_10\GestionDeFarmacia\GestionDeFarmacia.csproj", "{855EA493-AB5B-66EB-69AE-65DA09BE7397}"
EndProject
Project("{FAE04EC0-301F-11D3-BF4B-00C04F79EFBC}") = "Dispositivos", "Practica_10\Dispositivos\Dispositivos.csproj", "{915B4AB8-D41D-C31A-BFCB-F2875EA390F4}"
EndProject
Project("{FAE04EC0-301F-11D3-BF4B-00C04F79EFBC}") = "Cohetes", "Practica_10\Cohetes\Cohetes.csproj", "{EC048F47-C0C9-7AA7-E39C-6111DEF025A4}"
EndProject
Project("{FAE04EC0-301F-11D3-BF4B-00C04F79EFBC}") = "Empleado", "Practica_10\Empleado\Empleado.csproj", "{CE224F27-D395-873C-2027-E9C0DCE59A91}"
EndProject
Project("{FAE04EC0-301F-11D3-BF4B-00C04F79EFBC}") = "AnalisisVentas", "Practica_5\AnalisisVentas\AnalisisVentas.csproj", "{DDFF74F7-880B-DF0A-B95B-269523886EEC}"
EndProject
Project("{FAE04EC0-301F-11D3-BF4B-00C04F79EFBC}") = "MiPrimeraCuadricula", "Practica_5\MiPrimeraCuadricula\MiPrimeraCuadricula.csproj", "{778098AC-16BD-9E4C-C5A0-44069A2F9A6D}"
EndProject
Project("{FAE04EC0-301F-11D3-BF4B-00C04F79EFBC}") = "MonitorInventario", "Practica_5\MonitorInventario\MonitorInventario.csproj", "{BBF629D4-612A-ACEB-38DF-AA3DEB3250F0}"
EndProject
Project("{FAE04EC0-301F-11D3-BF4B-00C04F79EFBC}") = "Delegados", "Practica_8\Delegados\Delegados.csproj", "{9C3B43CE-F626-9AEF-B651-BC877E8ED143}"
EndProject
Project("{FAE04EC0-301F-11D3-BF4B-00C04F79EFBC}") = "MatrizObjetos", "Practica_8\MatrizObjetos\MatrizObjetos.csproj", "{79E95762-EE6E-5AD3-687B-B9C4DD6E13F5}"
EndProject
Project("{FAE04EC0-301F-11D3-BF4B-00C04F79EFBC}") = "MiembrosEstaticos", "Practica_8\MiembrosEstaticos\MiembrosEstaticos.csproj", "{B51B075E-8C51-C7BF-495D-592137BEE700}"
EndProject
Project("{FAE04EC0-301F-11D3-BF4B-00C04F79EFBC}") = "Estructuras", "Practica_8\Estructuras\Estructuras.csproj", "{6586102A-8A4B-2C1A-2F64-0334273B46DC}"
EndProject
Project("{FAE04EC0-301F-11D3-BF4B-00C04F79EFBC}") = "SistemaHotel", "Practica_7\SistemaHotel\SistemaHotel.csproj", "{C5C69C30-F54A-C321-3C70-FE2AB5BECFDE}"
EndProject
Project("{FAE04EC0-301F-11D3-BF4B-00C04F79EFBC}") = "CatalogoLibros", "Practica_7\CatalogoLibros\CatalogoLibros.csproj", "{8876ACAA-3107-70E2-C5F2-FF1449C11958}"
EndProject
Project("{FAE04EC0-301F-11D3-BF4B-00C04F79EFBC}") = "ControlInventarioAutomotriz", "Practica_7\ControlInventarioAutomotriz\ControlInventarioAutomotriz.csproj", "{6AD0F035-C6A4-0FE3-0A4F-7B4E9A4A151C}"
EndProject
Project("{FAE04EC0-301F-11D3-BF4B-00C04F79EFBC}") = "EscenarioNegocio", "Practica_7\EscenarioNegocio\EscenarioNegocio.csproj", "{04C6C456-2AC7-6F8A-CC7E-3359CE7B4668}"
EndProject
Project("{FAE04EC0-301F-11D3-BF4B-00C04F79EFBC}") = "SistemaAsignacionLibrosEditoriales", "Sesion_14\SistemaAsignacionLibrosEditoriales\SistemaAsignacionLibrosEditoriales.csproj", "{ED002C23-1E03-5A5A-D25F-3831572FA4D5}"
EndProject
Project("{FAE04EC0-301F-11D3-BF4B-00C04F79EFBC}") = "SistemaGestionSmartphones", "Sesion_14\SistemaGestionSmartphones\SistemaGestionSmartphones.csproj", "{11756BA1-F850-AAE5-1739-BF060DA7C88A}"
EndProject
Project("{FAE04EC0-301F-11D3-BF4B-00C04F79EFBC}") = "SistemaNomina", "Sesion_15\SistemaNomina\SistemaNomina.csproj", "{EA29B675-1340-3E1A-0DF9-B71DDC8E5C82}"
EndProject
Project("{FAE04EC0-301F-11D3-BF4B-00C04F79EFBC}") = "SimuladorDeVentas", "Practica_2\SimuladorDeVentas\SimuladorDeVentas.csproj", "{B418A0E0-34DA-C9AE-5D88-67C2E131C6DB}"
EndProject
Project("{FAE04EC0-301F-11D3-BF4B-00C04F79EFBC}") = "PlantaReguladora", "Practica_2\PlantaReguladora\PlantaReguladora.csproj", "{7B086341-9AF1-283F-1747-384E54E2F098}"
EndProject
Project("{FAE04EC0-301F-11D3-BF4B-00C04F79EFBC}") = "MayorArreglo", "Sesion_8\MayorArreglo\MayorArreglo.csproj", "{73AE35FE-1E0B-DA67-868B-8DF599FDA663}"
EndProject
Project("{FAE04EC0-301F-11D3-BF4B-00C04F79EFBC}") = "SumaArreglo", "Sesion_8\SumaArreglo\SumaArreglo.csproj", "{F776138A-DE9F-B478-C65D-3E5D2629A6AF}"
EndProject
Project("{FAE04EC0-301F-11D3-BF4B-00C04F79EFBC}") = "GestionDeInventarioDeBiblioteca", "Practica_9\GestionDeInventarioDeBiblioteca\GestionDeInventarioDeBiblioteca.csproj", "{8C487A50-1D42-87B7-92D2-9F4BD57BE743}"
EndProject
Project("{FAE04EC0-301F-11D3-BF4B-00C04F79EFBC}") = "ControlInventario", "Practica_3\ControlInventario\ControlInventario.csproj", "{F39875AA-4F18-1F2A-66C5-4FBBBA9C0BC3}"
EndProject
Project("{FAE04EC0-301F-11D3-BF4B-00C04F79EFBC}") = "RegistroOperarios", "Practica_3\RegistroOperarios\RegistroOperarios.csproj", "{AD76779E-E402-452F-5A92-9B36C0525E8A}"
EndProject
Project("{FAE04EC0-301F-11D3-BF4B-00C04F79EFBC}") = "PerfilUsuario", "Sesion_11\PerfilUsuario\PerfilUsuario.csproj", "{21DA4871-C44E-7625-C3C6-5386A8514F06}"
EndProject
Project("{FAE04EC0-301F-11D3-BF4B-00C04F79EFBC}") = "TermostatoInteligente", "Sesion_11\TermostatoInteligente\TermostatoInteligente.csproj", "{BF5363AA-3866-1BDD-C3CD-0BEF3549D8CF}"
EndProject
Project("{FAE04EC0-301F-11D3-BF4B-00C04F79EFBC}") = "MenuOpciones", "Sesion_6\MenuOpciones\MenuOpciones.csproj", "{10C3FF55-1AE3-E052-E041-26DD54164611}"
EndProject
Project("{FAE04EC0-301F-11D3-BF4B-00C04F79EFBC}") = "Contrasena", "Sesion_6\Contrasena\Contrasena.csproj", "{00E04D74-6410-A8A2-7741-6FFDDB2780B3}"
EndProject
Project("{FAE04EC0-301F-11D3-BF4B-00C04F79EFBC}") = "TablaMultiplicar", "Sesion_6\TablaMultiplicar\TablaMultiplicar.csproj", "{4B0FE459-1E8F-CEFE-85B7-8EBC0571BAD9}"
EndProject
Global
	GlobalSection(SolutionConfigurationPlatforms) = preSolution
		Debug|Any CPU = Debug|Any CPU
		Release|Any CPU = Release|Any CPU
	EndGlobalSection
	GlobalSection(ProjectConfigurationPlatforms) = postSolution
		{ADBB4AAE-1E30-8B97-8F51-DFA88181BCE8}.Debug|Any CPU.ActiveCfg = Debug|Any CPU
		{ADBB4AAE-1E30-8B97-8F51-DFA88181BCE8}.Debug|Any CPU.Build.0 = Debug|Any CPU
		{ADBB4AAE-1E30-8B97-8F51-DFA88181BCE8}.Release|Any CPU.ActiveCfg = Release|Any CPU
		{ADBB4AAE-1E30-8B97-8F51-DFA88181BCE8}.Release|Any CPU.Build.0 = Release|Any CPU
		{4BADBDA8-9275-986D-FEF5-1FAAE99C44CD}.Debug|Any CPU.ActiveCfg = Debug|Any CPU
		{4BADBDA8-9275-986D-FEF5-1FAAE99C44CD}.Debug|Any CPU.Build.0 = Debug|Any CPU
		{4BADBDA8-9275-986D-FEF5-1FAAE99C44CD}.Release|Any CPU.ActiveCfg = Release|Any CPU
		{4BADBDA8-9275-986D-FEF5-1FAAE99C44CD}.Release|Any CPU.Build.0 = Release|Any CPU
		{B5F6B1F4-C78B-00FB-4EE9-BBD422636ED2}.Debug|Any CPU.ActiveCfg = Debug|Any CPU
		{B5F6B1F4-C78B-00FB-4EE9-BBD422636ED2}.Debug|Any CPU.Build.0 = Debug|Any CPU
		{B5F6B1F4-C78B-00FB-4EE9-BBD422636ED2}.Release|Any CPU.ActiveCfg = Release|Any CPU
		{B5F6B1F4-C78B-00FB-4EE9-BBD422636ED2}.Release|Any CPU.Build.0 = Release|Any CPU
		{1AF0B996-B798-479E-D7DD-675818B7A326}.Debug|Any CPU.ActiveCfg = Debug|Any CPU
		{1AF0B996-B798-479E-D7DD-675818B7A326}.Debug|Any CPU.Build.0 = Debug|Any CPU
		{1AF0B996-B798-479E-D7DD-675818B7A326}.Release|Any CPU.ActiveCfg = Release|Any CPU
		{1AF0B996-B798-479E-D7DD-675818B7A326}.Release|Any CPU.Build.0 = Release|Any CPU
		{2FEE93EF-F4D5-5319-1E9D-70A4AB5A8AD9}.Debug|Any CPU.ActiveCfg = Debug|Any CPU
		{2FEE93EF-F4D5-5319-1E9D-70A4AB5A8AD9}.Debug|Any CPU.Build.0 = Debug|Any CPU
		{2FEE93EF-F4D5-5319-1E9D-70A4AB5A8AD9}.Release|Any CPU.ActiveCfg = Release|Any CPU
		{2FEE93EF-F4D5-5319-1E9D-70A4AB5A8AD9}.Release|Any CPU.Build.0 = Release|Any CPU
		{3EDCB232-F823-02DC-2295-CBB4B8EBC9D8}.Debug|Any CPU.ActiveCfg = Debug|Any CPU
		{3EDCB232-F823-02DC-2295-CBB4B8EBC9D8}.Debug|Any CPU.Build.0 = Debug|Any CPU
		{3EDCB232-F823-02DC-2295-CBB4B8EBC9D8}.Release|Any CPU.ActiveCfg = Release|Any CPU
		{3EDCB232-F823-02DC-2295-CBB4B8EBC9D8}.Release|Any CPU.Build.0 = Release|Any CPU
		{F9B44756-A200-3885-526E-0822DD9BF6EC}.Debug|Any CPU.ActiveCfg = Debug|Any CPU
		{F9B44756-A200-3885-526E-0822DD9BF6EC}.Debug|Any CPU.Build.0 = Debug|Any CPU
		{F9B44756-A200-3885-526E-0822DD9BF6EC}.Release|Any CPU.ActiveCfg = Release|Any CPU
		{F9B44756-A200-3885-526E-0822DD9BF6EC}.Release|Any CPU.Build.0 = Release|Any CPU
		{A3F46888-6EB5-1FEE-50C5-FBD54AC58BB6}.Debug|Any CPU.ActiveCfg = Debug|Any CPU
		{A3F46888-6EB5-1FEE-50C5-FBD54AC58BB6}.Debug|Any CPU.Build.0 = Debug|Any CPU
		{A3F46888-6EB5-1FEE-50C5-FBD54AC58BB6}.Release|Any CPU.ActiveCfg = Release|Any CPU
		{A3F46888-6EB5-1FEE-50C5-FBD54AC58BB6}.Release|Any CPU.Build.0 = Release|Any CPU
		{F5AF3E3C-58FF-74C3-E223-8DB1089F9117}.Debug|Any CPU.ActiveCfg = Debug|Any CPU
		{F5AF3E3C-58FF-74C3-E223-8DB1089F9117}.Debug|Any CPU.Build.0 = Debug|Any CPU
		{F5AF3E3C-58FF-74C3-E223-8DB1089F9117}.Release|Any CPU.ActiveCfg = Release|Any CPU
		{F5AF3E3C-58FF-74C3-E223-8DB1089F9117}.Release|Any CPU.Build.0 = Release|Any CPU
		{2C10620F-0009-BBB5-6226-2B10C51C2948}.Debug|Any CPU.ActiveCfg = Debug|Any CPU
		{2C10620F-0009-BBB5-6226-2B10C51C2948}.Debug|Any CPU.Build.0 = Debug|Any CPU
		{2C10620F-0009-BBB5-6226-2B10C51C2948}.Release|Any CPU.ActiveCfg = Release|Any CPU
		{2C10620F-0009-BBB5-6226-2B10C51C2948}.Release|Any CPU.Build.0 = Release|Any CPU
		{BDB91CE0-BD7D-2331-5F1F-D3480AA9D6FD}.Debug|Any CPU.ActiveCfg = Debug|Any CPU
		{BDB91CE0-BD7D-2331-5F1F-D3480AA9D6FD}.Debug|Any CPU.Build.0 = Debug|Any CPU
		{BDB91CE0-BD7D-2331-5F1F-D3480AA9D6FD}.Release|Any CPU.ActiveCfg = Release|Any CPU
		{BDB91CE0-BD7D-2331-5F1F-D3480AA9D6FD}.Release|Any CPU.Build.0 = Release|Any CPU
		{E6D7F28B-B729-9E52-54E8-7C52C5CCF559}.Debug|Any CPU.ActiveCfg = Debug|Any CPU
		{E6D7F28B-B729-9E52-54E8-7C52C5CCF559}.Debug|Any CPU.Build.0 = Debug|Any CPU
		{E6D7F28B-B729-9E52-54E8-7C52C5CCF559}.Release|Any CPU.ActiveCfg = Release|Any CPU
		{E6D7F28B-B729-9E52-54E8-7C52C5CCF559}.Release|Any CPU.Build.0 = Release|Any CPU
		{37F7CE2B-F213-97CB-F593-49AA12F0E35C}.Debug|Any CPU.ActiveCfg = Debug|Any CPU
		{37F7CE2B-F213-97CB-F593-49AA12F0E35C}.Debug|Any CPU.Build.0 = Debug|Any CPU
		{37F7CE2B-F213-97CB-F593-49AA12F0E35C}.Release|Any CPU.ActiveCfg = Release|Any CPU
		{37F7CE2B-F213-97CB-F593-49AA12F0E35C}.Release|Any CPU.Build.0 = Release|Any CPU
		{1C045181-4B05-FA43-76A9-A647640EAF4F}.Debug|Any CPU.ActiveCfg = Debug|Any CPU
		{1C045181-4B05-FA43-76A9-A647640EAF4F}.Debug|Any CPU.Build.0 = Debug|Any CPU
		{1C045181-4B05-FA43-76A9-A647640EAF4F}.Release|Any CPU.ActiveCfg = Release|Any CPU
		{1C045181-4B05-FA43-76A9-A647640EAF4F}.Release|Any CPU.Build.0 = Release|Any CPU
		{AECBB3B2-6E44-2050-6361-82C5F83E3E75}.Debug|Any CPU.ActiveCfg = Debug|Any CPU
		{AECBB3B2-6E44-2050-6361-82C5F83E3E75}.Debug|Any CPU.Build.0 = Debug|Any CPU
		{AECBB3B2-6E44-2050-6361-82C5F83E3E75}.Release|Any CPU.ActiveCfg = Release|Any CPU
		{AECBB3B2-6E44-2050-6361-82C5F83E3E75}.Release|Any CPU.Build.0 = Release|Any CPU
		{C49F2A18-0199-98A7-BFC7-1DEA63F3D971}.Debug|Any CPU.ActiveCfg = Debug|Any CPU
		{C49F2A18-0199-98A7-BFC7-1DEA63F3D971}.Debug|Any CPU.Build.0 = Debug|Any CPU
		{C49F2A18-0199-98A7-BFC7-1DEA63F3D971}.Release|Any CPU.ActiveCfg = Release|Any CPU
		{C49F2A18-0199-98A7-BFC7-1DEA63F3D971}.Release|Any CPU.Build.0 = Release|Any CPU
		{0A8D74AE-468E-C81B-9CA2-C8BBA8040D64}.Debug|Any CPU.ActiveCfg = Debug|Any CPU
		{0A8D74AE-468E-C81B-9CA2-C8BBA8040D64}.Debug|Any CPU.Build.0 = Debug|Any CPU
		{0A8D74AE-468E-C81B-9CA2-C8BBA8040D64}.Release|Any CPU.ActiveCfg = Release|Any CPU
		{0A8D74AE-468E-C81B-9CA2-C8BBA8040D64}.Release|Any CPU.Build.0 = Release|Any CPU
		{ED872903-6CA2-E4D2-6340-8AED0AF805C7}.Debug|Any CPU.ActiveCfg = Debug|Any CPU
		{ED872903-6CA2-E4D2-6340-8AED0AF805C7}.Debug|Any CPU.Build.0 = Debug|Any CPU
		{ED872903-6CA2-E4D2-6340-8AED0AF805C7}.Release|Any CPU.ActiveCfg = Release|Any CPU
		{ED872903-6CA2-E4D2-6340-8AED0AF805C7}.Release|Any CPU.Build.0 = Release|Any CPU
		{75E7CAEA-A6F4-A189-15A2-EA99D7192993}.Debug|Any CPU.ActiveCfg = Debug|Any CPU
		{75E7CAEA-A6F4-A189-15A2-EA99D7192993}.Debug|Any CPU.Build.0 = Debug|Any CPU
		{75E7CAEA-A6F4-A189-15A2-EA99D7192993}.Release|Any CPU.ActiveCfg = Release|Any CPU
		{75E7CAEA-A6F4-A189-15A2-EA99D7192993}.Release|Any CPU.Build.0 = Release|Any CPU
		{FC2FB002-EC1E-9A10-A68D-B1EE9A84D8BA}.Debug|Any CPU.ActiveCfg = Debug|Any CPU
		{FC2FB002-EC1E-9A10-A68D-B1EE9A84D8BA}.Debug|Any CPU.Build.0 = Debug|Any CPU
		{FC2FB002-EC1E-9A10-A68D-B1EE9A84D8BA}.Release|Any CPU.ActiveCfg = Release|Any CPU
		{FC2FB002-EC1E-9A10-A68D-B1EE9A84D8BA}.Release|Any CPU.Build.0 = Release|Any CPU
		{EA9B6B31-3EF0-20A6-2296-4D77CE4DF67C}.Debug|Any CPU.ActiveCfg = Debug|Any CPU
		{EA9B6B31-3EF0-20A6-2296-4D77CE4DF67C}.Debug|Any CPU.Build.0 = Debug|Any CPU
		{EA9B6B31-3EF0-20A6-2296-4D77CE4DF67C}.Release|Any CPU.ActiveCfg = Release|Any CPU
		{EA9B6B31-3EF0-20A6-2296-4D77CE4DF67C}.Release|Any CPU.Build.0 = Release|Any CPU
		{11EA625C-6914-1018-89E8-95EA52343626}.Debug|Any CPU.ActiveCfg = Debug|Any CPU
		{11EA625C-6914-1018-89E8-95EA52343626}.Debug|Any CPU.Build.0 = Debug|Any CPU
		{11EA625C-6914-1018-89E8-95EA52343626}.Release|Any CPU.ActiveCfg = Release|Any CPU
		{11EA625C-6914-1018-89E8-95EA52343626}.Release|Any CPU.Build.0 = Release|Any CPU
		{6E53410E-1B12-7F44-1873-3EF133E08285}.Debug|Any CPU.ActiveCfg = Debug|Any CPU
		{6E53410E-1B12-7F44-1873-3EF133E08285}.Debug|Any CPU.Build.0 = Debug|Any CPU
		{6E53410E-1B12-7F44-1873-3EF133E08285}.Release|Any CPU.ActiveCfg = Release|Any CPU
		{6E53410E-1B12-7F44-1873-3EF133E08285}.Release|Any CPU.Build.0 = Release|Any CPU
		{40B282BD-3A0C-908E-1960-E9B103DF15B6}.Debug|Any CPU.ActiveCfg = Debug|Any CPU
		{40B282BD-3A0C-908E-1960-E9B103DF15B6}.Debug|Any CPU.Build.0 = Debug|Any CPU
		{40B282BD-3A0C-908E-1960-E9B103DF15B6}.Release|Any CPU.ActiveCfg = Release|Any CPU
		{40B282BD-3A0C-908E-1960-E9B103DF15B6}.Release|Any CPU.Build.0 = Release|Any CPU
		{E6D758BD-F641-6929-7103-0BEB5CF510AF}.Debug|Any CPU.ActiveCfg = Debug|Any CPU
		{E6D758BD-F641-6929-7103-0BEB5CF510AF}.Debug|Any CPU.Build.0 = Debug|Any CPU
		{E6D758BD-F641-6929-7103-0BEB5CF510AF}.Release|Any CPU.ActiveCfg = Release|Any CPU
		{E6D758BD-F641-6929-7103-0BEB5CF510AF}.Release|Any CPU.Build.0 = Release|Any CPU
		{855EA493-AB5B-66EB-69AE-65DA09BE7397}.Debug|Any CPU.ActiveCfg = Debug|Any CPU
		{855EA493-AB5B-66EB-69AE-65DA09BE7397}.Debug|Any CPU.Build.0 = Debug|Any CPU
		{855EA493-AB5B-66EB-69AE-65DA09BE7397}.Release|Any CPU.ActiveCfg = Release|Any CPU
		{855EA493-AB5B-66EB-69AE-65DA09BE7397}.Release|Any CPU.Build.0 = Release|Any CPU
		{915B4AB8-D41D-C31A-BFCB-F2875EA390F4}.Debug|Any CPU.ActiveCfg = Debug|Any CPU
		{915B4AB8-D41D-C31A-BFCB-F2875EA390F4}.Debug|Any CPU.Build.0 = Debug|Any CPU
		{915B4AB8-D41D-C31A-BFCB-F2875EA390F4}.Release|Any CPU.ActiveCfg = Release|Any CPU
		{915B4AB8-D41D-C31A-BFCB-F2875EA390F4}.Release|Any CPU.Build.0 = Release|Any CPU
		{EC048F47-C0C9-7AA7-E39C-6111DEF025A4}.Debug|Any CPU.ActiveCfg = Debug|Any CPU
		{EC048F47-C0C9-7AA7-E39C-6111DEF025A4}.Debug|Any CPU.Build.0 = Debug|Any CPU
		{EC048F47-C0C9-7AA7-E39C-6111DEF025A4}.Release|Any CPU.ActiveCfg = Release|Any CPU
		{EC048F47-C0C9-7AA7-E39C-6111DEF025A4}.Release|Any CPU.Build.0 = Release|Any CPU
		{CE224F27-D395-873C-2027-E9C0DCE59A91}.Debug|Any CPU.ActiveCfg = Debug|Any CPU
		{CE224F27-D395-873C-2027-E9C0DCE59A91}.Debug|Any CPU.Build.0 = Debug|Any CPU
		{CE224F27-D395-873C-2027-E9C0DCE59A91}.Release|Any CPU.ActiveCfg = Release|Any CPU
		{CE224F27-D395-873C-2027-E9C0DCE59A91}.Release|Any CPU.Build.0 = Release|Any CPU
		{DDFF74F7-880B-DF0A-B95B-269523886EEC}.Debug|Any CPU.ActiveCfg = Debug|Any CPU
		{DDFF74F7-880B-DF0A-B95B-269523886EEC}.Debug|Any CPU.Build.0 = Debug|Any CPU
		{DDFF74F7-880B-DF0A-B95B-269523886EEC}.Release|Any CPU.ActiveCfg = Release|Any CPU
		{DDFF74F7-880B-DF0A-B95B-269523886EEC}.Release|Any CPU.Build.0 = Release|Any CPU
		{778098AC-16BD-9E4C-C5A0-44069A2F9A6D}.Debug|Any CPU.ActiveCfg = Debug|Any CPU
		{778098AC-16BD-9E4C-C5A0-44069A2F9A6D}.Debug|Any CPU.Build.0 = Debug|Any CPU
		{778098AC-16BD-9E4C-C5A0-44069A2F9A6D}.Release|Any CPU.ActiveCfg = Release|Any CPU
		{778098AC-16BD-9E4C-C5A0-44069A2F9A6D}.Release|Any CPU.Build.0 = Release|Any CPU
		{BBF629D4-612A-ACEB-38DF-AA3DEB3250F0}.Debug|Any CPU.ActiveCfg = Debug|Any CPU
		{BBF629D4-612A-ACEB-38DF-AA3DEB3250F0}.Debug|Any CPU.Build.0 = Debug|Any CPU
		{BBF629D4-612A-ACEB-38DF-AA3DEB3250F0}.Release|Any CPU.ActiveCfg = Release|Any CPU
		{BBF629D4-612A-ACEB-38DF-AA3DEB3250F0}.Release|Any CPU.Build.0 = Release|Any CPU
		{9C3B43CE-F626-9AEF-B651-BC877E8ED143}.Debug|Any CPU.ActiveCfg = Debug|Any CPU
		{9C3B43CE-F626-9AEF-B651-BC877E8ED143}.Debug|Any CPU.Build.0 = Debug|Any CPU
		{9C3B43CE-F626-9AEF-B651-BC877E8ED143}.Release|Any CPU.ActiveCfg = Release|Any CPU
		{9C3B43CE-F626-9AEF-B651-BC877E8ED143}.Release|Any CPU.Build.0 = Release|Any CPU
		{79E95762-EE6E-5AD3-687B-B9C4DD6E13F5}.Debug|Any CPU.ActiveCfg = Debug|Any CPU
		{79E95762-EE6E-5AD3-687B-B9C4DD6E13F5}.Debug|Any CPU.Build.0 = Debug|Any CPU
		{79E95762-EE6E-5AD3-687B-B9C4DD6E13F5}.Release|Any CPU.ActiveCfg = Release|Any CPU
		{79E95762-EE6E-5AD3-687B-B9C4DD6E13F5}.Release|Any CPU.Build.0 = Release|Any CPU
		{B51B075E-8C51-C7BF-495D-592137BEE700}.Debug|Any CPU.ActiveCfg = Debug|Any CPU
		{B51B075E-8C51-C7BF-495D-592137BEE700}.Debug|Any CPU.Build.0 = Debug|Any CPU
		{B51B075E-8C51-C7BF-495D-592137BEE700}.Release|Any CPU.ActiveCfg = Release|Any CPU
		{B51B075E-8C51-C7BF-495D-592137BEE700}.Release|Any CPU.Build.0 = Release|Any CPU
		{6586102A-8A4B-2C1A-2F64-0334273B46DC}.Debug|Any CPU.ActiveCfg = Debug|Any CPU
		{6586102A-8A4B-2C1A-2F64-0334273B46DC}.Debug|Any CPU.Build.0 = Debug|Any CPU
		{6586102A-8A4B-2C1A-2F64-0334273B46DC}.Release|Any CPU.ActiveCfg = Release|Any CPU
		{6586102A-8A4B-2C1A-2F64-0334273B46DC}.Release|Any CPU.Build.0 = Release|Any CPU
		{C5C69C30-F54A-C321-3C70-FE2AB5BECFDE}.Debug|Any CPU.ActiveCfg = Debug|Any CPU
		{C5C69C30-F54A-C321-3C70-FE2AB5BECFDE}.Debug|Any CPU.Build.0 = Debug|Any CPU
		{C5C69C30-F54A-C321-3C70-FE2AB5BECFDE}.Release|Any CPU.ActiveCfg = Release|Any CPU
		{C5C69C30-F54A-C321-3C70-FE2AB5BECFDE}.Release|Any CPU.Build.0 = Release|Any CPU
		{8876ACAA-3107-70E2-C5F2-FF1449C11958}.Debug|Any CPU.ActiveCfg = Debug|Any CPU
		{8876ACAA-3107-70E2-C5F2-FF1449C11958}.Debug|Any CPU.Build.0 = Debug|Any CPU
		{8876ACAA-3107-70E2-C5F2-FF1449C11958}.Release|Any CPU.ActiveCfg = Release|Any CPU
		{8876ACAA-3107-70E2-C5F2-FF1449C11958}.Release|Any CPU.Build.0 = Release|Any CPU
		{6AD0F035-C6A4-0FE3-0A4F-7B4E9A4A151C}.Debug|Any CPU.ActiveCfg = Debug|Any CPU
		{6AD0F035-C6A4-0FE3-0A4F-7B4E9A4A151C}.Debug|Any CPU.Build.0 = Debug|Any CPU
		{6AD0F035-C6A4-0FE3-0A4F-7B4E9A4A151C}.Release|Any CPU.ActiveCfg = Release|Any CPU
		{6AD0F035-C6A4-0FE3-0A4F-7B4E9A4A151C}.Release|Any CPU.Build.0 = Release|Any CPU
		{04C6C456-2AC7-6F8A-CC7E-3359CE7B4668}.Debug|Any CPU.ActiveCfg = Debug|Any CPU
		{04C6C456-2AC7-6F8A-CC7E-3359CE7B4668}.Debug|Any CPU.Build.0 = Debug|Any CPU
		{04C6C456-2AC7-6F8A-CC7E-3359CE7B4668}.Release|Any CPU.ActiveCfg = Release|Any CPU
		{04C6C456-2AC7-6F8A-CC7E-3359CE7B4668}.Release|Any CPU.Build.0 = Release|Any CPU
		{ED002C23-1E03-5A5A-D25F-3831572FA4D5}.Debug|Any CPU.ActiveCfg = Debug|Any CPU
		{ED002C23-1E03-5A5A-D25F-3831572FA4D5}.Debug|Any CPU.Build.0 = Debug|Any CPU
		{ED002C23-1E03-5A5A-D25F-3831572FA4D5}.Release|Any CPU.ActiveCfg = Release|Any CPU
		{ED002C23-1E03-5A5A-D25F-3831572FA4D5}.Release|Any CPU.Build.0 = Release|Any CPU
		{11756BA1-F850-AAE5-1739-BF060DA7C88A}.Debug|Any CPU.ActiveCfg = Debug|Any CPU
		{11756BA1-F850-AAE5-1739-BF060DA7C88A}.Debug|Any CPU.Build.0 = Debug|Any CPU
		{11756BA1-F850-AAE5-1739-BF060DA7C88A}.Release|Any CPU.ActiveCfg = Release|Any CPU
		{11756BA1-F850-AAE5-1739-BF060DA7C88A}.Release|Any CPU.Build.0 = Release|Any CPU
		{EA29B675-1340-3E1A-0DF9-B71DDC8E5C82}.Debug|Any CPU.ActiveCfg = Debug|Any CPU
		{EA29B675-1340-3E1A-0DF9-B71DDC8E5C82}.Debug|Any CPU.Build.0 = Debug|Any CPU
		{EA29B675-1340-3E1A-0DF9-B71DDC8E5C82}.Release|Any CPU.ActiveCfg = Release|Any CPU
		{EA29B675-1340-3E1A-0DF9-B71DDC8E5C82}.Release|Any CPU.Build.0 = Release|Any CPU
		{B418A0E0-34DA-C9AE-5D88-67C2E131C6DB}.Debug|Any CPU.ActiveCfg = Debug|Any CPU
		{B418A0E0-34DA-C9AE-5D88-67C2E131C6DB}.Debug|Any CPU.Build.0 = Debug|Any CPU
		{B418A0E0-34DA-C9AE-5D88-67C2E131C6DB}.Release|Any CPU.ActiveCfg = Release|Any CPU
		{B418A0E0-34DA-C9AE-5D88-67C2E131C6DB}.Release|Any CPU.Build.0 = Release|Any CPU
		{7B086341-9AF1-283F-1747-384E54E2F098}.Debug|Any CPU.ActiveCfg = Debug|Any CPU
		{7B086341-9AF1-283F-1747-384E54E2F098}.Debug|Any CPU.Build.0 = Debug|Any CPU
		{7B086341-9AF1-283F-1747-384E54E2F098}.Release|Any CPU.ActiveCfg = Release|Any CPU
		{7B086341-9AF1-283F-1747-384E54E2F098}.Release|Any CPU.Build.0 = Release|Any CPU
		{73AE35FE-1E0B-DA67-868B-8DF599FDA663}.Debug|Any CPU.ActiveCfg = Debug|Any CPU
		{73AE35FE-1E0B-DA67-868B-8DF599FDA663}.Debug|Any CPU.Build.0 = Debug|Any CPU
		{73AE35FE-1E0B-DA67-868B-8DF599FDA663}.Release|Any CPU.ActiveCfg = Release|Any CPU
		{73AE35FE-1E0B-DA67-868B-8DF599FDA663}.Release|Any CPU.Build.0 = Release|Any CPU
		{F776138A-DE9F-B478-C65D-3E5D2629A6AF}.Debug|Any CPU.ActiveCfg = Debug|Any CPU
		{F776138A-DE9F-B478-C65D-3E5D2629A6AF}.Debug|Any CPU.Build.0 = Debug|Any CPU
		{F776138A-DE9F-B478-C65D-3E5D2629A6AF}.Release|Any CPU.ActiveCfg = Release|Any CPU
		{F776138A-DE9F-B478-C65D-3E5D2629A6AF}.Release|Any CPU.Build.0 = Release|Any CPU
		{8C487A50-1D42-87B7-92D2-9F4BD57BE743}.Debug|Any CPU.ActiveCfg = Debug|Any CPU
		{8C487A50-1D42-87B7-92D2-9F4BD57BE743}.Debug|Any CPU.Build.0 = Debug|Any CPU
		{8C487A50-1D42-87B7-92D2-9F4BD57BE743}.Release|Any CPU.ActiveCfg = Release|Any CPU
		{8C487A50-1D42-87B7-92D2-9F4BD57BE743}.Release|Any CPU.Build.0 = Release|Any CPU
		{F39875AA-4F18-1F2A-66C5-4FBBBA9C0BC3}.Debug|Any CPU.ActiveCfg = Debug|Any CPU
		{F39875AA-4F18-1F2A-66C5-4FBBBA9C0BC3}.Debug|Any CPU.Build.0 = Debug|Any CPU
		{F39875AA-4F18-1F2A-66C5-4FBBBA9C0BC3}.Release|Any CPU.ActiveCfg = Release|Any CPU
		{F39875AA-4F18-1F2A-66C5-4FBBBA9C0BC3}.Release|Any CPU.Build.0 = Release|Any CPU
		{AD76779E-E402-452F-5A92-9B36C0525E8A}.Debug|Any CPU.ActiveCfg = Debug|Any CPU
		{AD76779E-E402-452F-5A92-9B36C0525E8A}.Debug|Any CPU.Build.0 = Debug|Any CPU
		{AD76779E-E402-452F-5A92-9B36C0525E8A}.Release|Any CPU.ActiveCfg = Release|Any CPU
		{AD76779E-E402-452F-5A92-9B36C0525E8A}.Release|Any CPU.Build.0 = Release|Any CPU
		{21DA4871-C44E-7625-C3C6-5386A8514F06}.Debug|Any CPU.ActiveCfg = Debug|Any CPU
		{21DA4871-C44E-7625-C3C6-5386A8514F06}.Debug|Any CPU.Build.0 = Debug|Any CPU
		{21DA4871-C44E-7625-C3C6-5386A8514F06}.Release|Any CPU.ActiveCfg = Release|Any CPU
		{21DA4871-C44E-7625-C3C6-5386A8514F06}.Release|Any CPU.Build.0 = Release|Any CPU
		{BF5363AA-3866-1BDD-C3CD-0BEF3549D8CF}.Debug|Any CPU.ActiveCfg = Debug|Any CPU
		{BF5363AA-3866-1BDD-C3CD-0BEF3549D8CF}.Debug|Any CPU.Build.0 = Debug|Any CPU
		{BF5363AA-3866-1BDD-C3CD-0BEF3549D8CF}.Release|Any CPU.ActiveCfg = Release|Any CPU
		{BF5363AA-3866-1BDD-C3CD-0BEF3549D8CF}.Release|Any CPU.Build.0 = Release|Any CPU
		{10C3FF55-1AE3-E052-E041-26DD54164611}.Debug|Any CPU.ActiveCfg = Debug|Any CPU
		{10C3FF55-1AE3-E052-E041-26DD54164611}.Debug|Any CPU.Build.0 = Debug|Any CPU
		{10C3FF55-1AE3-E052-E041-26DD54164611}.Release|Any CPU.ActiveCfg = Release|Any CPU
		{10C3FF55-1AE3-E052-E041-26DD54164611}.Release|Any CPU.Build.0 = Release|Any CPU
		{00E04D74-6410-A8A2-7741-6FFDDB2780B3}.Debug|Any CPU.ActiveCfg = Debug|Any CPU
		{00E04D74-6410-A8A2-7741-6FFDDB2780B3}.Debug|Any CPU.Build.0 = Debug|Any CPU
		{00E04D74-6410-A8A2-7741-6FFDDB2780B3}.Release|Any CPU.ActiveCfg = Release|Any CPU
		{00E04D74-6410-A8A2-7741-6FFDDB2780B3}.Release|Any CPU.Build.0 = Release|Any CPU
		{4B0FE459-1E8F-CEFE-85B7-8EBC0571BAD9}.Debug|Any CPU.ActiveCfg = Debug|Any CPU
		{4B0FE459-1E8F-CEFE-85B7-8EBC0571BAD9}.Debug|Any CPU.Build.0 = Debug|Any CPU
		{4B0FE459-1E8F-CEFE-85B7-8EBC0571BAD9}.Release|Any CPU.ActiveCfg = Release|Any CPU
		{4B0FE459-1E8F-CEFE-85B7-8EBC0571BAD9}.Release|Any CPU.Build.0 = Release|Any CPU
	EndGlobalSection
	GlobalSection(SolutionProperties) = preSolution
		HideSolutionNode = FALSE
	EndGlobalSection
	GlobalSection(NestedProjects) = preSolution
		{4BADBDA8-9275-986D-FEF5-1FAAE99C44CD} = {4E621FCF-E4D3-B548-286B-BFF9944336B0}
		{B5F6B1F4-C78B-00FB-4EE9-BBD422636ED2} = {4E621FCF-E4D3-B548-286B-BFF9944336B0}
		{1AF0B996-B798-479E-D7DD-675818B7A326} = {5C44E396-0F98-1683-0E2D-A734012CC366}
		{2FEE93EF-F4D5-5319-1E9D-70A4AB5A8AD9} = {5C44E396-0F98-1683-0E2D-A734012CC366}
		{3EDCB232-F823-02DC-2295-CBB4B8EBC9D8} = {C4A63A79-726F-FACA-8352-B774786E3A04}
		{F9B44756-A200-3885-526E-0822DD9BF6EC} = {C4A63A79-726F-FACA-8352-B774786E3A04}
		{A3F46888-6EB5-1FEE-50C5-FBD54AC58BB6} = {C4A63A79-726F-FACA-8352-B774786E3A04}
		{F5AF3E3C-58FF-74C3-E223-8DB1089F9117} = {156DB4EC-D738-D9E3-D5A7-867BE1AD2FD9}
		{2C10620F-0009-BBB5-6226-2B10C51C2948} = {156DB4EC-D738-D9E3-D5A7-867BE1AD2FD9}
		{BDB91CE0-BD7D-2331-5F1F-D3480AA9D6FD} = {A6FFCBAE-5EA0-7FC0-02C7-01273EFF1AF3}
		{E6D7F28B-B729-9E52-54E8-7C52C5CCF559} = {A6FFCBAE-5EA0-7FC0-02C7-01273EFF1AF3}
		{37F7CE2B-F213-97CB-F593-49AA12F0E35C} = {A6FFCBAE-5EA0-7FC0-02C7-01273EFF1AF3}
		{1C045181-4B05-FA43-76A9-A647640EAF4F} = {315FE527-45C3-2ABD-49BD-6F5917CF9173}
		{AECBB3B2-6E44-2050-6361-82C5F83E3E75} = {315FE527-45C3-2ABD-49BD-6F5917CF9173}
		{C49F2A18-0199-98A7-BFC7-1DEA63F3D971} = {315FE527-45C3-2ABD-49BD-6F5917CF9173}
		{0A8D74AE-468E-C81B-9CA2-C8BBA8040D64} = {315FE527-45C3-2ABD-49BD-6F5917CF9173}
		{ED872903-6CA2-E4D2-6340-8AED0AF805C7} = {315FE527-45C3-2ABD-49BD-6F5917CF9173}
		{75E7CAEA-A6F4-A189-15A2-EA99D7192993} = {315FE527-45C3-2ABD-49BD-6F5917CF9173}
		{FC2FB002-EC1E-9A10-A68D-B1EE9A84D8BA} = {315FE527-45C3-2ABD-49BD-6F5917CF9173}
		{EA9B6B31-3EF0-20A6-2296-4D77CE4DF67C} = {315FE527-45C3-2ABD-49BD-6F5917CF9173}
		{11EA625C-6914-1018-89E8-95EA52343626} = {315FE527-45C3-2ABD-49BD-6F5917CF9173}
		{6E53410E-1B12-7F44-1873-3EF133E08285} = {315FE527-45C3-2ABD-49BD-6F5917CF9173}
		{40B282BD-3A0C-908E-1960-E9B103DF15B6} = {315FE527-45C3-2ABD-49BD-6F5917CF9173}
		{E6D758BD-F641-6929-7103-0BEB5CF510AF} = {315FE527-45C3-2ABD-49BD-6F5917CF9173}
		{855EA493-AB5B-66EB-69AE-65DA09BE7397} = {2E81FE34-C3E3-C95E-6809-1932DD1BD7FB}
		{915B4AB8-D41D-C31A-BFCB-F2875EA390F4} = {2E81FE34-C3E3-C95E-6809-1932DD1BD7FB}
		{EC048F47-C0C9-7AA7-E39C-6111DEF025A4} = {2E81FE34-C3E3-C95E-6809-1932DD1BD7FB}
		{CE224F27-D395-873C-2027-E9C0DCE59A91} = {2E81FE34-C3E3-C95E-6809-1932DD1BD7FB}
		{DDFF74F7-880B-DF0A-B95B-269523886EEC} = {5BF29ABC-DE91-56AD-72AF-CF80C4DC5A8F}
		{778098AC-16BD-9E4C-C5A0-44069A2F9A6D} = {5BF29ABC-DE91-56AD-72AF-CF80C4DC5A8F}
		{BBF629D4-612A-ACEB-38DF-AA3DEB3250F0} = {5BF29ABC-DE91-56AD-72AF-CF80C4DC5A8F}
		{9C3B43CE-F626-9AEF-B651-BC877E8ED143} = {22C82A03-FA25-07F7-1E9A-8C647288A84D}
		{79E95762-EE6E-5AD3-687B-B9C4DD6E13F5} = {22C82A03-FA25-07F7-1E9A-8C647288A84D}
		{B51B075E-8C51-C7BF-495D-592137BEE700} = {22C82A03-FA25-07F7-1E9A-8C647288A84D}
		{6586102A-8A4B-2C1A-2F64-0334273B46DC} = {22C82A03-FA25-07F7-1E9A-8C647288A84D}
		{C5C69C30-F54A-C321-3C70-FE2AB5BECFDE} = {10146667-B06D-91D9-3702-3F79940D35F8}
		{8876ACAA-3107-70E2-C5F2-FF1449C11958} = {10146667-B06D-91D9-3702-3F79940D35F8}
		{6AD0F035-C6A4-0FE3-0A4F-7B4E9A4A151C} = {10146667-B06D-91D9-3702-3F79940D35F8}
		{04C6C456-2AC7-6F8A-CC7E-3359CE7B4668} = {10146667-B06D-91D9-3702-3F79940D35F8}
		{ED002C23-1E03-5A5A-D25F-3831572FA4D5} = {AA3183A1-FEEA-0643-D057-394CE6068E2A}
		{11756BA1-F850-AAE5-1739-BF060DA7C88A} = {AA3183A1-FEEA-0643-D057-394CE6068E2A}
		{EA29B675-1340-3E1A-0DF9-B71DDC8E5C82} = {8FA78DB6-FA6A-A203-88D1-8ABB6EAAD046}
		{B418A0E0-34DA-C9AE-5D88-67C2E131C6DB} = {6834692F-FE83-6314-D2CF-5C5B0F0EC1FD}
		{7B086341-9AF1-283F-1747-384E54E2F098} = {6834692F-FE83-6314-D2CF-5C5B0F0EC1FD}
		{73AE35FE-1E0B-DA67-868B-8DF599FDA663} = {4F25FFC6-E660-58AE-E52A-C7983A82FFA4}
		{F776138A-DE9F-B478-C65D-3E5D2629A6AF} = {4F25FFC6-E660-58AE-E52A-C7983A82FFA4}
		{8C487A50-1D42-87B7-92D2-9F4BD57BE743} = {D385A6A9-075A-8C75-FDA4-6B8AB2FBC393}
		{F39875AA-4F18-1F2A-66C5-4FBBBA9C0BC3} = {1A62CA11-64CD-E7FA-6EEB-F6F923D0F8C4}
		{AD76779E-E402-452F-5A92-9B36C0525E8A} = {1A62CA11-64CD-E7FA-6EEB-F6F923D0F8C4}
		{21DA4871-C44E-7625-C3C6-5386A8514F06} = {9A270F6C-273D-B4AB-76A1-56D2FA0E7657}
		{BF5363AA-3866-1BDD-C3CD-0BEF3549D8CF} = {9A270F6C-273D-B4AB-76A1-56D2FA0E7657}
		{10C3FF55-1AE3-E052-E041-26DD54164611} = {FD9C8F0C-6B0E-C96E-2900-409BB69508A8}
		{00E04D74-6410-A8A2-7741-6FFDDB2780B3} = {FD9C8F0C-6B0E-C96E-2900-409BB69508A8}
		{4B0FE459-1E8F-CEFE-85B7-8EBC0571BAD9} = {FD9C8F0C-6B0E-C96E-2900-409BB69508A8}
	EndGlobalSection
	GlobalSection(ExtensibilityGlobals) = postSolution
		SolutionGuid = {06DB1914-EA03-495D-B875-99DDF2F24956}
	EndGlobalSection
EndGlobal
